{"format_version":"0.1","terraform_version":"0.13.5","planned_values":{"root_module":{"resources":[{"address":"ibm_iam_authorization_policy.policy","mode":"managed","type":"ibm_iam_authorization_policy","name":"policy","provider_name":"registry.terraform.io/ibm-cloud/ibm","schema_version":0,"values":{"description":null,"roles":["Reader"],"source_resource_group_id":null,"source_resource_instance_id":null,"source_resource_type":null,"source_service_name":"cloud-object-storage","target_resource_group_id":null,"target_resource_instance_id":null,"target_resource_type":null,"target_service_name":"kms"}},{"address":"ibm_iam_service_id.serviceID","mode":"managed","type":"ibm_iam_service_id","name":"serviceID","provider_name":"registry.terraform.io/ibm-cloud/ibm","schema_version":0,"values":{"crn":"crn:v1:bluemix:public:iam-identity::a/fcdb764102154c7ea8e1b79d3a64afe0::serviceid:ServiceId-c1375b12-5998-4caf-886a-a5cb0a82a50e","description":null,"iam_id":"iam-ServiceId-c1375b12-5998-4caf-886a-a5cb0a82a50e","id":"ServiceId-c1375b12-5998-4caf-886a-a5cb0a82a50e","locked":false,"name":"test","tags":null,"version":"1-3ae5e8c57324df89522490f7606b6259"}},{"address":"ibm_iam_service_policy.policy","mode":"managed","type":"ibm_iam_service_policy","name":"policy","provider_name":"registry.terraform.io/ibm-cloud/ibm","schema_version":0,"values":{"account_management":false,"description":null,"iam_id":null,"iam_service_id":"ServiceId-c1375b12-5998-4caf-886a-a5cb0a82a50e","id":"ServiceId-c1375b12-5998-4caf-886a-a5cb0a82a50e/1c8ac48e-ec39-4595-9d7e-201016257ed7","resource_attributes":[],"resources":[{"attributes":{},"region":"","resource":"","resource_group_id":"","resource_instance_id":"","resource_type":"","service":"cloud-object-storage"}],"roles":["Reader","Manager"],"tags":null}}]}},"resource_changes":[{"address":"ibm_iam_authorization_policy.policy","mode":"managed","type":"ibm_iam_authorization_policy","name":"policy","provider_name":"registry.terraform.io/ibm-cloud/ibm","change":{"actions":["create"],"before":null,"after":{"description":null,"roles":["Reader"],"source_resource_group_id":null,"source_resource_instance_id":null,"source_resource_type":null,"source_service_name":"cloud-object-storage","target_resource_group_id":null,"target_resource_instance_id":null,"target_resource_type":null,"target_service_name":"kms"},"after_unknown":{"id":true,"roles":[false],"source_service_account":true,"version":true}}},{"address":"ibm_iam_service_id.serviceID","mode":"managed","type":"ibm_iam_service_id","name":"serviceID","provider_name":"registry.terraform.io/ibm-cloud/ibm","change":{"actions":["no-op"],"before":{"crn":"crn:v1:bluemix:public:iam-identity::a/fcdb764102154c7ea8e1b79d3a64afe0::serviceid:ServiceId-c1375b12-5998-4caf-886a-a5cb0a82a50e","description":null,"iam_id":"iam-ServiceId-c1375b12-5998-4caf-886a-a5cb0a82a50e","id":"ServiceId-c1375b12-5998-4caf-886a-a5cb0a82a50e","locked":false,"name":"test","tags":null,"version":"1-3ae5e8c57324df89522490f7606b6259"},"after":{"crn":"crn:v1:bluemix:public:iam-identity::a/fcdb764102154c7ea8e1b79d3a64afe0::serviceid:ServiceId-c1375b12-5998-4caf-886a-a5cb0a82a50e","description":null,"iam_id":"iam-ServiceId-c1375b12-5998-4caf-886a-a5cb0a82a50e","id":"ServiceId-c1375b12-5998-4caf-886a-a5cb0a82a50e","locked":false,"name":"test","tags":null,"version":"1-3ae5e8c57324df89522490f7606b6259"},"after_unknown":{}}},{"address":"ibm_iam_service_policy.policy","mode":"managed","type":"ibm_iam_service_policy","name":"policy","provider_name":"registry.terraform.io/ibm-cloud/ibm","change":{"actions":["no-op"],"before":{"account_management":false,"description":null,"iam_id":null,"iam_service_id":"ServiceId-c1375b12-5998-4caf-886a-a5cb0a82a50e","id":"ServiceId-c1375b12-5998-4caf-886a-a5cb0a82a50e/1c8ac48e-ec39-4595-9d7e-201016257ed7","resource_attributes":[],"resources":[{"attributes":{},"region":"","resource":"","resource_group_id":"","resource_instance_id":"","resource_type":"","service":"cloud-object-storage"}],"roles":["Reader","Manager"],"tags":null},"after":{"account_management":false,"description":null,"iam_id":null,"iam_service_id":"ServiceId-c1375b12-5998-4caf-886a-a5cb0a82a50e","id":"ServiceId-c1375b12-5998-4caf-886a-a5cb0a82a50e/1c8ac48e-ec39-4595-9d7e-201016257ed7","resource_attributes":[],"resources":[{"attributes":{},"region":"","resource":"","resource_group_id":"","resource_instance_id":"","resource_type":"","service":"cloud-object-storage"}],"roles":["Reader","Manager"],"tags":null},"after_unknown":{}}}],"prior_state":{"format_version":"0.1","terraform_version":"0.13.5","values":{"root_module":{"resources":[{"address":"ibm_iam_service_id.serviceID","mode":"managed","type":"ibm_iam_service_id","name":"serviceID","provider_name":"registry.terraform.io/ibm-cloud/ibm","schema_version":0,"values":{"crn":"crn:v1:bluemix:public:iam-identity::a/fcdb764102154c7ea8e1b79d3a64afe0::serviceid:ServiceId-c1375b12-5998-4caf-886a-a5cb0a82a50e","description":null,"iam_id":"iam-ServiceId-c1375b12-5998-4caf-886a-a5cb0a82a50e","id":"ServiceId-c1375b12-5998-4caf-886a-a5cb0a82a50e","locked":false,"name":"test","tags":null,"version":"1-3ae5e8c57324df89522490f7606b6259"}},{"address":"ibm_iam_service_policy.policy","mode":"managed","type":"ibm_iam_service_policy","name":"policy","provider_name":"registry.terraform.io/ibm-cloud/ibm","schema_version":0,"values":{"account_management":false,"description":null,"iam_id":null,"iam_service_id":"ServiceId-c1375b12-5998-4caf-886a-a5cb0a82a50e","id":"ServiceId-c1375b12-5998-4caf-886a-a5cb0a82a50e/1c8ac48e-ec39-4595-9d7e-201016257ed7","resource_attributes":[],"resources":[{"attributes":{},"region":"","resource":"","resource_group_id":"","resource_instance_id":"","resource_type":"","service":"cloud-object-storage"}],"roles":["Reader","Manager"],"tags":null},"depends_on":["ibm_iam_service_id.serviceID"]}]}}},"configuration":{"root_module":{"resources":[{"address":"ibm_iam_authorization_policy.policy","mode":"managed","type":"ibm_iam_authorization_policy","name":"policy","provider_config_key":"ibm","expressions":{"roles":{"constant_value":["Reader"]},"source_service_name":{"constant_value":"cloud-object-storage"},"target_service_name":{"constant_value":"kms"}},"schema_version":0},{"address":"ibm_iam_service_id.serviceID","mode":"managed","type":"ibm_iam_service_id","name":"serviceID","provider_config_key":"ibm","expressions":{"name":{"constant_value":"test"}},"schema_version":0},{"address":"ibm_iam_service_policy.policy","mode":"managed","type":"ibm_iam_service_policy","name":"policy","provider_config_key":"ibm","expressions":{"iam_service_id":{"references":["ibm_iam_service_id.serviceID"]},"resources":[{"service":{"constant_value":"cloud-object-storage"}}],"roles":{"constant_value":["Reader","Manager"]}},"schema_version":0}]}}}
