{"format_version":"0.1","terraform_version":"0.13.5","planned_values":{"root_module":{"resources":[{"address":"ibm_iam_service_id.serviceID","mode":"managed","type":"ibm_iam_service_id","name":"serviceID","provider_name":"registry.terraform.io/ibm-cloud/ibm","schema_version":0,"values":{"description":null,"name":"test","tags":null}},{"address":"ibm_iam_service_policy.policy","mode":"managed","type":"ibm_iam_service_policy","name":"policy","provider_name":"registry.terraform.io/ibm-cloud/ibm","schema_version":0,"values":{"account_management":false,"description":null,"iam_id":null,"resource_attributes":[],"resources":[{"attributes":null,"region":null,"resource":null,"resource_group_id":null,"resource_instance_id":null,"resource_type":null,"service":"cloud-object-storage"}],"roles":["Viewer"],"tags":null}}]}},"resource_changes":[{"address":"ibm_iam_service_id.serviceID","mode":"managed","type":"ibm_iam_service_id","name":"serviceID","provider_name":"registry.terraform.io/ibm-cloud/ibm","change":{"actions":["create"],"before":null,"after":{"description":null,"name":"test","tags":null},"after_unknown":{"crn":true,"iam_id":true,"id":true,"locked":true,"version":true}}},{"address":"ibm_iam_service_policy.policy","mode":"managed","type":"ibm_iam_service_policy","name":"policy","provider_name":"registry.terraform.io/ibm-cloud/ibm","change":{"actions":["create"],"before":null,"after":{"account_management":false,"description":null,"iam_id":null,"resource_attributes":[],"resources":[{"attributes":null,"region":null,"resource":null,"resource_group_id":null,"resource_instance_id":null,"resource_type":null,"service":"cloud-object-storage"}],"roles":["Viewer"],"tags":null},"after_unknown":{"iam_service_id":true,"id":true,"resource_attributes":[],"resources":[{}],"roles":[false]}}}],"configuration":{"root_module":{"resources":[{"address":"ibm_iam_service_id.serviceID","mode":"managed","type":"ibm_iam_service_id","name":"serviceID","provider_config_key":"ibm","expressions":{"name":{"constant_value":"test"}},"schema_version":0},{"address":"ibm_iam_service_policy.policy","mode":"managed","type":"ibm_iam_service_policy","name":"policy","provider_config_key":"ibm","expressions":{"iam_service_id":{"references":["ibm_iam_service_id.serviceID"]},"resources":[{"service":{"constant_value":"cloud-object-storage"}}],"roles":{"constant_value":["Viewer"]}},"schema_version":0}]}}}
